github.com/aws/aws-sdk-go-v2 v1.21.0/go.mod h1:/RfNgGmRxI+iFOB1OeJUyxiU+9s88k3pfHvDagGEp0M=
github.com/aws/aws-sdk-go-v2 v1.21.2 h1:+LXZ0sgo8quN9UOKXXzAWRT3FWd4NxeXWOZom9pE7GA=
github.com/aws/aws-sdk-go-v2 v1.21.2/go.mod h1:ErQhvNuEMhJjweavOYhxVkn2RUx7kQXVATHrjKtxIpM=
github.com/aws/aws-sdk-go-v2/aws/protocol/eventstream v1.4.13 h1:OPLEkmhXf6xFPiz0bLeDArZIDx1NNS4oJyG4nv3Gct0=
github.com/aws/aws-sdk-go-v2/aws/protocol/eventstream v1.4.13/go.mod h1:gpAbvyDGQFozTEmlTFO8XcQKHzubdq0LzRyJpG6MiXM=
github.com/aws/aws-sdk-go-v2/config v1.18.45 h1:Aka9bI7n8ysuwPeFdm77nfbyHCAKQ3z9ghB3S/38zes=
github.com/aws/aws-sdk-go-v2/config v1.18.45/go.mod h1:ZwDUgFnQgsazQTnWfeLWk5GjeqTQTL8lMkoE1UXzxdE=
github.com/aws/aws-sdk-go-v2/credentials v1.13.43 h1:LU8vo40zBlo3R7bAvBVy/ku4nxGEyZe9N8MqAeFTzF8=
github.com/aws/aws-sdk-go-v2/credentials v1.13.43/go.mod h1:zWJBz1Yf1ZtX5NGax9ZdNjhhI4rgjfgsyk6vTY1yfVg=
github.com/aws/aws-sdk-go-v2/feature/ec2/imds v1.13.13 h1:PIktER+hwIG286DqXyvVENjgLTAwGgoeriLDD5C+YlQ=
github.com/aws/aws-sdk-go-v2/feature/ec2/imds v1.13.13/go.mod h1:f/Ib/qYjhV2/qdsf79H3QP/eRE4AkVyEf6sk7XfZ1tg=
github.com/aws/aws-sdk-go-v2/internal/configsources v1.1.41/go.mod h1:CrObHAuPneJBlfEJ5T3szXOUkLEThaGfvnhTf33buas=
github.com/aws/aws-sdk-go-v2/internal/configsources v1.1.43 h1:nFBQlGtkbPzp/NjZLuFxRqmT91rLJkgvsEQs68h962Y=
github.com/aws/aws-sdk-go-v2/internal/configsources v1.1.43/go.mod h1:auo+PiyLl0n1l8A0e8RIeR8tOzYPfZZH/JNlrJ8igTQ=
github.com/aws/aws-sdk-go-v2/internal/endpoints/v2 v2.4.35/go.mod h1:SJC1nEVVva1g3pHAIdCp7QsRIkMmLAgoDquQ9Rr8kYw=
github.com/aws/aws-sdk-go-v2/internal/endpoints/v2 v2.4.37 h1:JRVhO25+r3ar2mKGP7E0LDl8K9/G36gjlqca5iQbaqc=
github.com/aws/aws-sdk-go-v2/internal/endpoints/v2 v2.4.37/go.mod h1:Qe+2KtKml+FEsQF/DHmDV+xjtche/hwoF75EG4UlHW8=
github.com/aws/aws-sdk-go-v2/internal/ini v1.3.45 h1:hze8YsjSh8Wl1rYa1CJpRmXP21BvOBuc76YhW0HsuQ4=
github.com/aws/aws-sdk-go-v2/internal/ini v1.3.45/go.mod h1:lD5M20o09/LCuQ2mE62Mb/iSdSlCNuj6H5ci7tW7OsE=
github.com/aws/aws-sdk-go-v2/internal/v4a v1.1.4/go.mod h1:1PrKYwxTM+zjpw9Y41KFtoJCQrJ34Z47Y4VgVbfndjo=
github.com/aws/aws-sdk-go-v2/internal/v4a v1.1.6 h1:wmGLw2i8ZTlHLw7a9ULGfQbuccw8uIiNr6sol5bFzc8=
github.com/aws/aws-sdk-go-v2/internal/v4a v1.1.6/go.mod h1:Q0Hq2X/NuL7z8b1Dww8rmOFl+jzusKEcyvkKspwdpyc=
github.com/aws/aws-sdk-go-v2/service/internal/accept-encoding v1.9.14/go.mod h1:dDilntgHy9WnHXsh7dDtUPgHKEfTJIBUTHM8OWm0f/0=
github.com/aws/aws-sdk-go-v2/service/internal/accept-encoding v1.9.15 h1:7R8uRYyXzdD71KWVCL78lJZltah6VVznXBazvKjfH58=
github.com/aws/aws-sdk-go-v2/service/internal/accept-encoding v1.9.15/go.mod h1:26SQUPcTNgV1Tapwdt4a1rOsYRsnBsJHLMPoxK2b0d8=
github.com/aws/aws-sdk-go-v2/service/internal/checksum v1.1.36/go.mod h1:lGnOkH9NJATw0XEPcAknFBj3zzNTEGRHtSw+CwC1YTg=
github.com/aws/aws-sdk-go-v2/service/internal/checksum v1.1.38 h1:skaFGzv+3kA+v2BPKhuekeb1Hbb105+44r8ASC+q5SE=
github.com/aws/aws-sdk-go-v2/service/internal/checksum v1.1.38/go.mod h1:epIZoRSSbRIwLPJU5F+OldHhwZPBdpDeQkRdCeY3+00=
github.com/aws/aws-sdk-go-v2/service/internal/presigned-url v1.9.35/go.mod h1:QGF2Rs33W5MaN9gYdEQOBBFPLwTZkEhRwI33f7KIG0o=
github.com/aws/aws-sdk-go-v2/service/internal/presigned-url v1.9.37 h1:WWZA/I2K4ptBS1kg0kV1JbBtG/umed0vwHRrmcr9z7k=
github.com/aws/aws-sdk-go-v2/service/internal/presigned-url v1.9.37/go.mod h1:vBmDnwWXWxNPFRMmG2m/3MKOe+xEcMDo1tanpaWCcck=
github.com/aws/aws-sdk-go-v2/service/internal/s3shared v1.15.4/go.mod h1:LhTyt8J04LL+9cIt7pYJ5lbS/U98ZmXovLOR/4LUsk8=
github.com/aws/aws-sdk-go-v2/service/internal/s3shared v1.15.6 h1:9ulSU5ClouoPIYhDQdg9tpl83d5Yb91PXTKK+17q+ow=
github.com/aws/aws-sdk-go-v2/service/internal/s3shared v1.15.6/go.mod h1:lnc2taBsR9nTlz9meD+lhFZZ9EWY712QHrRflWpTcOA=
github.com/aws/aws-sdk-go-v2/service/s3 v1.40.0 h1:wl5dxN1NONhTDQD9uaEvNsDRX29cBmGED/nl0jkWlt4=
github.com/aws/aws-sdk-go-v2/service/s3 v1.40.0/go.mod h1:rDGMZA7f4pbmTtPOk5v5UM2lmX6UAbRnMDJeDvnH7AM=
github.com/aws/aws-sdk-go-v2/service/sso v1.15.2 h1:JuPGc7IkOP4AaqcZSIcyqLpFSqBWK32rM9+a1g6u73k=
github.com/aws/aws-sdk-go-v2/service/sso v1.15.2/go.mod h1:gsL4keucRCgW+xA85ALBpRFfdSLH4kHOVSnLMSuBECo=
github.com/aws/aws-sdk-go-v2/service/ssooidc v1.17.3 h1:HFiiRkf1SdaAmV3/BHOFZ9DjFynPHj8G/UIO1lQS+fk=
github.com/aws/aws-sdk-go-v2/service/ssooidc v1.17.3/go.mod h1:a7bHA82fyUXOm+ZSWKU6PIoBxrjSprdLoM8xPYvzYVg=
github.com/aws/aws-sdk-go-v2/service/sts v1.23.2 h1:0BkLfgeDjfZnZ+MhB3ONb01u9pwFYTCZVhlsSSBvlbU=
github.com/aws/aws-sdk-go-v2/service/sts v1.23.2/go.mod h1:Eows6e1uQEsc4ZaHANmsPRzAKcVDrcmjjWiih2+HUUQ=
github.com/aws/smithy-go v1.14.2/go.mod h1:Tg+OJXh4MB2R/uN61Ko2f6hTZwB/ZYGOtib8J3gBHzA=
github.com/aws/smithy-go v1.15.0 h1:PS/durmlzvAFpQHDs4wi4sNNP9ExsqZh6IlfdHXgKK8=
github.com/aws/smithy-go v1.15.0/go.mod h1:Tg+OJXh4MB2R/uN61Ko2f6hTZwB/ZYGOtib8J3gBHzA=
github.com/davecgh/go-spew v1.1.0/go.mod h1:J7Y8YcW2NihsgmVo/mv3lAwl/skON4iLHjSsI+c5H38=
github.com/davecgh/go-spew v1.1.1 h1:vj9j/u1bqnvCEfJOwUhtlOARqs3+rkHYY13jYWTU97c=
github.com/davecgh/go-spew v1.1.1/go.mod h1:J7Y8YcW2NihsgmVo/mv3lAwl/skON4iLHjSsI+c5H38=
github.com/google/go-cmp v0.5.8 h1:e6P7q2lk1O+qJJb4BtCQXlK8vWEO8V1ZeuEdJNOqZyg=
github.com/google/go-cmp v0.5.8/go.mod h1:17dUlkBOakJ0+DkrSSNjCkIjxS6bF9zb3elmeNGIjoY=
github.com/jmespath/go-jmespath v0.4.0/go.mod h1:T8mJZnbsbmF+m6zOOFylbeCJqk5+pHWvzYPziyZiYoo=
github.com/jmespath/go-jmespath/internal/testify v1.5.1/go.mod h1:L3OGu8Wl2/fWfCI6z80xFu9LTZmf1ZRjMHUOPmWr69U=
github.com/pmezard/go-difflib v1.0.0 h1:4DBwDE0NGyQoBHbLQYPwSUPoCMWR5BEzIk/f1lZbAQM=
github.com/pmezard/go-difflib v1.0.0/go.mod h1:iKH77koFhYxTK1pcRnkKkqfTogsbg7gZNVY4sRDYZ/4=
github.com/stretchr/objx v0.1.0/go.mod h1:HFkY916IF+rwdDfMAkV7OtwuqBVzrE8GR6GFx+wExME=
github.com/stretchr/testify v1.8.4 h1:CcVxjf3Q8PM0mHUKJCdn+eZZtm5yQwehR5yeSVQQcUk=
github.com/stretchr/testify v1.8.4/go.mod h1:sz/lmYIOXD/1dqDmKjjqLyZ2RngseejIcXlSw2iwfAo=
gopkg.in/check.v1 v0.0.0-20161208181325-20d25e280405 h1:yhCVgyC4o1eVCa2tZl7eS0r+SDo693bJlVdllGtEeKM=
gopkg.in/check.v1 v0.0.0-20161208181325-20d25e280405/go.mod h1:Co6ibVJAznAaIkqp8huTwlJQCZ016jof/cbN4VW5Yz0=
gopkg.in/yaml.v2 v2.2.8/go.mod h1:hI93XBmqTisBFMUTm0b8Fm+jr3Dg1NNxqwp+5A1VGuI=
gopkg.in/yaml.v3 v3.0.1 h1:fxVm/GzAzEWqLHuvctI91KS9hhNmmWOoWu0XTYJS7CA=
gopkg.in/yaml.v3 v3.0.1/go.mod h1:K4uyk7z7BCEPqu6E+C64Yfv1cQ7kz7rIZviUmN+EgEM=
