github.com/aws/aws-sdk-go-v2 v1.24.0 h1:890+mqQ+hTpNuw0gGP6/4akolQkSToDJgHfQE7AwGuk=
github.com/aws/aws-sdk-go-v2 v1.24.0/go.mod h1:LNh45Br1YAkEKaAqvmE1m8FUx6a5b/V0oAKV7of29b4=
github.com/aws/aws-sdk-go-v2/aws/protocol/eventstream v1.5.4 h1:OCs21ST2LrepDfD3lwlQiOqIGp6JiEUqG84GzTDoyJs=
github.com/aws/aws-sdk-go-v2/aws/protocol/eventstream v1.5.4/go.mod h1:usURWEKSNNAcAZuzRn/9ZYPT8aZQkR7xcCtunK/LkJo=
github.com/aws/aws-sdk-go-v2/config v1.26.1 h1:z6DqMxclFGL3Zfo+4Q0rLnAZ6yVkzCRxhRMsiRQnD1o=
github.com/aws/aws-sdk-go-v2/config v1.26.1/go.mod h1:ZB+CuKHRbb5v5F0oJtGdhFTelmrxd4iWO1lf0rQwSAg=
github.com/aws/aws-sdk-go-v2/credentials v1.16.12 h1:v/WgB8NxprNvr5inKIiVVrXPuuTegM+K8nncFkr1usU=
github.com/aws/aws-sdk-go-v2/credentials v1.16.12/go.mod h1:X21k0FjEJe+/pauud82HYiQbEr9jRKY3kXEIQ4hXeTQ=
github.com/aws/aws-sdk-go-v2/feature/ec2/imds v1.14.10 h1:w98BT5w+ao1/r5sUuiH6JkVzjowOKeOJRHERyy1vh58=
github.com/aws/aws-sdk-go-v2/feature/ec2/imds v1.14.10/go.mod h1:K2WGI7vUvkIv1HoNbfBA1bvIZ+9kL3YVmWxeKuLQsiw=
github.com/aws/aws-sdk-go-v2/internal/configsources v1.2.9 h1:v+HbZaCGmOwnTTVS86Fleq0vPzOd7tnJGbFhP0stNLs=
github.com/aws/aws-sdk-go-v2/internal/configsources v1.2.9/go.mod h1:Xjqy+Nyj7VDLBtCMkQYOw1QYfAEZCVLrfI0ezve8wd4=
github.com/aws/aws-sdk-go-v2/internal/endpoints/v2 v2.5.9 h1:N94sVhRACtXyVcjXxrwK1SKFIJrA9pOJ5yu2eSHnmls=
github.com/aws/aws-sdk-go-v2/internal/endpoints/v2 v2.5.9/go.mod h1:hqamLz7g1/4EJP+GH5NBhcUMLjW+gKLQabgyz6/7WAU=
github.com/aws/aws-sdk-go-v2/internal/ini v1.7.2 h1:GrSw8s0Gs/5zZ0SX+gX4zQjRnRsMJDJ2sLur1gRBhEM=
github.com/aws/aws-sdk-go-v2/internal/ini v1.7.2/go.mod h1:6fQQgfuGmw8Al/3M2IgIllycxV7ZW7WCdVSqfBeUiCY=
github.com/aws/aws-sdk-go-v2/internal/v4a v1.2.9 h1:ugD6qzjYtB7zM5PN/ZIeaAIyefPaD82G8+SJopgvUpw=
github.com/aws/aws-sdk-go-v2/internal/v4a v1.2.9/go.mod h1:YD0aYBWCrPENpHolhKw2XDlTIWae2GKXT1T4o6N6hiM=
github.com/aws/aws-sdk-go-v2/service/internal/accept-encoding v1.10.4 h1:/b31bi3YVNlkzkBrm9LfpaKoaYZUxIAj4sHfOTmLfqw=
github.com/aws/aws-sdk-go-v2/service/internal/accept-encoding v1.10.4/go.mod h1:2aGXHFmbInwgP9ZfpmdIfOELL79zhdNYNmReK8qDfdQ=
github.com/aws/aws-sdk-go-v2/service/internal/checksum v1.2.9 h1:/90OR2XbSYfXucBMJ4U14wrjlfleq/0SB6dZDPncgmo=
github.com/aws/aws-sdk-go-v2/service/internal/checksum v1.2.9/go.mod h1:dN/Of9/fNZet7UrQQ6kTDo/VSwKPIq94vjlU16bRARc=
github.com/aws/aws-sdk-go-v2/service/internal/presigned-url v1.10.9 h1:Nf2sHxjMJR8CSImIVCONRi4g0Su3J+TSTbS7G0pUeMU=
github.com/aws/aws-sdk-go-v2/service/internal/presigned-url v1.10.9/go.mod h1:idky4TER38YIjr2cADF1/ugFMKvZV7p//pVeV5LZbF0=
github.com/aws/aws-sdk-go-v2/service/internal/s3shared v1.16.9 h1:iEAeF6YC3l4FzlJPP9H3Ko1TXpdjdqWffxXjp8SY6uk=
github.com/aws/aws-sdk-go-v2/service/internal/s3shared v1.16.9/go.mod h1:kjsXoK23q9Z/tLBrckZLLyvjhZoS+AGrzqzUfEClvMM=
github.com/aws/aws-sdk-go-v2/service/s3 v1.47.5 h1:Keso8lIOS+IzI2MkPZyK6G0LYcK3My2LQ+T5bxghEAY=
github.com/aws/aws-sdk-go-v2/service/s3 v1.47.5/go.mod h1:vADO6Jn+Rq4nDtfwNjhgR84qkZwiC6FqCaXdw/kYwjA=
github.com/aws/aws-sdk-go-v2/service/sso v1.18.5 h1:ldSFWz9tEHAwHNmjx2Cvy1MjP5/L9kNoR0skc6wyOOM=
github.com/aws/aws-sdk-go-v2/service/sso v1.18.5/go.mod h1:CaFfXLYL376jgbP7VKC96uFcU8Rlavak0UlAwk1Dlhc=
github.com/aws/aws-sdk-go-v2/service/ssooidc v1.21.5 h1:2k9KmFawS63euAkY4/ixVNsYYwrwnd5fIvgEKkfZFNM=
github.com/aws/aws-sdk-go-v2/service/ssooidc v1.21.5/go.mod h1:W+nd4wWDVkSUIox9bacmkBP5NMFQeTJ/xqNabpzSR38=
github.com/aws/aws-sdk-go-v2/service/sts v1.26.5 h1:5UYvv8JUvllZsRnfrcMQ+hJ9jNICmcgKPAO1CER25Wg=
github.com/aws/aws-sdk-go-v2/service/sts v1.26.5/go.mod h1:XX5gh4CB7wAs4KhcF46G6C8a2i7eupU19dcAAE+EydU=
github.com/aws/smithy-go v1.19.0 h1:KWFKQV80DpP3vJrrA9sVAHQ5gc2z8i4EzrLhLlWXcBM=
github.com/aws/smithy-go v1.19.0/go.mod h1:NukqUGpCZIILqqiV0NIjeFh24kd/FAa4beRb6nbIUPE=
github.com/davecgh/go-spew v1.1.1 h1:vj9j/u1bqnvCEfJOwUhtlOARqs3+rkHYY13jYWTU97c=
github.com/davecgh/go-spew v1.1.1/go.mod h1:J7Y8YcW2NihsgmVo/mv3lAwl/skON4iLHjSsI+c5H38=
github.com/google/go-cmp v0.5.8 h1:e6P7q2lk1O+qJJb4BtCQXlK8vWEO8V1ZeuEdJNOqZyg=
github.com/google/go-cmp v0.5.8/go.mod h1:17dUlkBOakJ0+DkrSSNjCkIjxS6bF9zb3elmeNGIjoY=
github.com/pmezard/go-difflib v1.0.0 h1:4DBwDE0NGyQoBHbLQYPwSUPoCMWR5BEzIk/f1lZbAQM=
github.com/pmezard/go-difflib v1.0.0/go.mod h1:iKH77koFhYxTK1pcRnkKkqfTogsbg7gZNVY4sRDYZ/4=
github.com/stretchr/testify v1.8.4 h1:CcVxjf3Q8PM0mHUKJCdn+eZZtm5yQwehR5yeSVQQcUk=
github.com/stretchr/testify v1.8.4/go.mod h1:sz/lmYIOXD/1dqDmKjjqLyZ2RngseejIcXlSw2iwfAo=
gopkg.in/check.v1 v0.0.0-20161208181325-20d25e280405 h1:yhCVgyC4o1eVCa2tZl7eS0r+SDo693bJlVdllGtEeKM=
gopkg.in/check.v1 v0.0.0-20161208181325-20d25e280405/go.mod h1:Co6ibVJAznAaIkqp8huTwlJQCZ016jof/cbN4VW5Yz0=
gopkg.in/yaml.v3 v3.0.1 h1:fxVm/GzAzEWqLHuvctI91KS9hhNmmWOoWu0XTYJS7CA=
gopkg.in/yaml.v3 v3.0.1/go.mod h1:K4uyk7z7BCEPqu6E+C64Yfv1cQ7kz7rIZviUmN+EgEM=
